
Microsoft Visual Studio Solution File, Format Version 12.00
# Visual Studio Version 17
VisualStudioVersion = 17.5.002.0
MinimumVisualStudioVersion = 10.0.40219.1
Project("{9A19103F-16F7-4668-BE54-9A1E7A4F7556}") = "ZodiacLab", "ZodiacLab.csproj", "{AC55E1FC-73EC-4641-BB1F-8F20C362B748}"
EndProject
Global
	GlobalSection(SolutionConfigurationPlatforms) = preSolution
		Debug|Any CPU = Debug|Any CPU
		Release|Any CPU = Release|Any CPU
	EndGlobalSection
	GlobalSection(ProjectConfigurationPlatforms) = postSolution
		{AC55E1FC-73EC-4641-BB1F-8F20C362B748}.Debug|Any CPU.ActiveCfg = Debug|Any CPU
		{AC55E1FC-73EC-4641-BB1F-8F20C362B748}.Debug|Any CPU.Build.0 = Debug|Any CPU
		{AC55E1FC-73EC-4641-BB1F-8F20C362B748}.Release|Any CPU.ActiveCfg = Release|Any CPU
		{AC55E1FC-73EC-4641-BB1F-8F20C362B748}.Release|Any CPU.Build.0 = Release|Any CPU
	EndGlobalSection
	GlobalSection(SolutionProperties) = preSolution
		HideSolutionNode = FALSE
	EndGlobalSection
	GlobalSection(ExtensibilityGlobals) = postSolution
		SolutionGuid = {76805CC2-817E-4989-B80C-361151161C04}
	EndGlobalSection
EndGlobal
